
Microsoft Visual Studio Solution File, Format Version 12.00
# Visual Studio Version 17
VisualStudioVersion = 17.4.33213.308
MinimumVisualStudioVersion = 10.0.40219.1
Project("{9A19103F-16F7-4668-BE54-9A1E7A4F7556}") = "Geometry", "Geometry\Geometry.csproj", "{9132C819-065A-492A-91C0-9F1A6759ACEC}"
EndProject
Project("{9A19103F-16F7-4668-BE54-9A1E7A4F7556}") = "Geometry.Tests", "Geometry.Tests\Geometry.Tests.csproj", "{833FA381-896D-44B6-885C-8971AE2C8DF2}"
EndProject
Project("{9A19103F-16F7-4668-BE54-9A1E7A4F7556}") = "InvoiceAplication", "InvoiceAplication\InvoiceAplication.csproj", "{EC0FFF5D-15AE-44A1-A9F2-CD7AC8487E7A}"
EndProject
Project("{9A19103F-16F7-4668-BE54-9A1E7A4F7556}") = "InvoiceApplication.BusinessLogic", "InvoiceApplication.BusinessLogic\InvoiceApplication.BusinessLogic.csproj", "{2684C4A3-A8F4-4370-8B5B-0237A0918B04}"
EndProject
Project("{9A19103F-16F7-4668-BE54-9A1E7A4F7556}") = "InvoiceApplication.BusinessLogic.Tests", "InvoiceApplication.BusinessLogic.Tests\InvoiceApplication.BusinessLogic.Tests.csproj", "{146DF194-1CBF-40F3-83F7-BE358F0CAF53}"
EndProject
Project("{9A19103F-16F7-4668-BE54-9A1E7A4F7556}") = "LinqTutorial", "LinqTutorial\LinqTutorial.csproj", "{34040968-1F08-4750-8B36-9EDEED546BE8}"
EndProject
Project("{FAE04EC0-301F-11D3-BF4B-00C04F79EFBC}") = "DelegatesAndEvents", "DelegatesAndEvents\DelegatesAndEvents.csproj", "{4B278A3D-DA74-4604-8977-BA843B6854E5}"
EndProject
Global
	GlobalSection(SolutionConfigurationPlatforms) = preSolution
		Debug|Any CPU = Debug|Any CPU
		Release|Any CPU = Release|Any CPU
	EndGlobalSection
	GlobalSection(ProjectConfigurationPlatforms) = postSolution
		{9132C819-065A-492A-91C0-9F1A6759ACEC}.Debug|Any CPU.ActiveCfg = Debug|Any CPU
		{9132C819-065A-492A-91C0-9F1A6759ACEC}.Debug|Any CPU.Build.0 = Debug|Any CPU
		{9132C819-065A-492A-91C0-9F1A6759ACEC}.Release|Any CPU.ActiveCfg = Release|Any CPU
		{9132C819-065A-492A-91C0-9F1A6759ACEC}.Release|Any CPU.Build.0 = Release|Any CPU
		{833FA381-896D-44B6-885C-8971AE2C8DF2}.Debug|Any CPU.ActiveCfg = Debug|Any CPU
		{833FA381-896D-44B6-885C-8971AE2C8DF2}.Debug|Any CPU.Build.0 = Debug|Any CPU
		{833FA381-896D-44B6-885C-8971AE2C8DF2}.Release|Any CPU.ActiveCfg = Release|Any CPU
		{833FA381-896D-44B6-885C-8971AE2C8DF2}.Release|Any CPU.Build.0 = Release|Any CPU
		{EC0FFF5D-15AE-44A1-A9F2-CD7AC8487E7A}.Debug|Any CPU.ActiveCfg = Debug|Any CPU
		{EC0FFF5D-15AE-44A1-A9F2-CD7AC8487E7A}.Debug|Any CPU.Build.0 = Debug|Any CPU
		{EC0FFF5D-15AE-44A1-A9F2-CD7AC8487E7A}.Release|Any CPU.ActiveCfg = Release|Any CPU
		{EC0FFF5D-15AE-44A1-A9F2-CD7AC8487E7A}.Release|Any CPU.Build.0 = Release|Any CPU
		{2684C4A3-A8F4-4370-8B5B-0237A0918B04}.Debug|Any CPU.ActiveCfg = Debug|Any CPU
		{2684C4A3-A8F4-4370-8B5B-0237A0918B04}.Debug|Any CPU.Build.0 = Debug|Any CPU
		{2684C4A3-A8F4-4370-8B5B-0237A0918B04}.Release|Any CPU.ActiveCfg = Release|Any CPU
		{2684C4A3-A8F4-4370-8B5B-0237A0918B04}.Release|Any CPU.Build.0 = Release|Any CPU
		{146DF194-1CBF-40F3-83F7-BE358F0CAF53}.Debug|Any CPU.ActiveCfg = Debug|Any CPU
		{146DF194-1CBF-40F3-83F7-BE358F0CAF53}.Debug|Any CPU.Build.0 = Debug|Any CPU
		{146DF194-1CBF-40F3-83F7-BE358F0CAF53}.Release|Any CPU.ActiveCfg = Release|Any CPU
		{146DF194-1CBF-40F3-83F7-BE358F0CAF53}.Release|Any CPU.Build.0 = Release|Any CPU
		{34040968-1F08-4750-8B36-9EDEED546BE8}.Debug|Any CPU.ActiveCfg = Debug|Any CPU
		{34040968-1F08-4750-8B36-9EDEED546BE8}.Debug|Any CPU.Build.0 = Debug|Any CPU
		{34040968-1F08-4750-8B36-9EDEED546BE8}.Release|Any CPU.ActiveCfg = Release|Any CPU
		{34040968-1F08-4750-8B36-9EDEED546BE8}.Release|Any CPU.Build.0 = Release|Any CPU
		{4B278A3D-DA74-4604-8977-BA843B6854E5}.Debug|Any CPU.ActiveCfg = Debug|Any CPU
		{4B278A3D-DA74-4604-8977-BA843B6854E5}.Debug|Any CPU.Build.0 = Debug|Any CPU
		{4B278A3D-DA74-4604-8977-BA843B6854E5}.Release|Any CPU.ActiveCfg = Release|Any CPU
		{4B278A3D-DA74-4604-8977-BA843B6854E5}.Release|Any CPU.Build.0 = Release|Any CPU
	EndGlobalSection
	GlobalSection(SolutionProperties) = preSolution
		HideSolutionNode = FALSE
	EndGlobalSection
	GlobalSection(ExtensibilityGlobals) = postSolution
		SolutionGuid = {8974B760-7F46-406D-A204-C1E20D2935AC}
	EndGlobalSection
EndGlobal
